
Microsoft Visual Studio Solution File, Format Version 12.00
# Visual Studio Version 16
VisualStudioVersion = 16.0.31702.278
MinimumVisualStudioVersion = 10.0.40219.1
Project("{FAE04EC0-301F-11D3-BF4B-00C04F79EFBC}") = "CursoMVC", "CursoMVC\CursoMVC.csproj", "{9360D6B5-EC4E-4150-895F-FE31FACBAC60}"
EndProject
Global
	GlobalSection(SolutionConfigurationPlatforms) = preSolution
		Debug|Any CPU = Debug|Any CPU
		Release|Any CPU = Release|Any CPU
	EndGlobalSection
	GlobalSection(ProjectConfigurationPlatforms) = postSolution
		{9360D6B5-EC4E-4150-895F-FE31FACBAC60}.Debug|Any CPU.ActiveCfg = Debug|Any CPU
		{9360D6B5-EC4E-4150-895F-FE31FACBAC60}.Debug|Any CPU.Build.0 = Debug|Any CPU
		{9360D6B5-EC4E-4150-895F-FE31FACBAC60}.Release|Any CPU.ActiveCfg = Release|Any CPU
		{9360D6B5-EC4E-4150-895F-FE31FACBAC60}.Release|Any CPU.Build.0 = Release|Any CPU
	EndGlobalSection
	GlobalSection(SolutionProperties) = preSolution
		HideSolutionNode = FALSE
	EndGlobalSection
	GlobalSection(ExtensibilityGlobals) = postSolution
		SolutionGuid = {A10E5660-34B6-40BB-B89F-CC3A026F4883}
	EndGlobalSection
EndGlobal
